
Microsoft Visual Studio Solution File, Format Version 12.00
# Visual Studio Version 16
VisualStudioVersion = 16.0.31410.357
MinimumVisualStudioVersion = 10.0.40219.1
Project("{FAE04EC0-301F-11D3-BF4B-00C04F79EFBC}") = "TimeApp", "TimeApp\TimeApp.csproj", "{0BE50365-88FD-4E50-8CFF-F1C1C6D01CC2}"
EndProject
Global
	GlobalSection(SolutionConfigurationPlatforms) = preSolution
		Debug|Any CPU = Debug|Any CPU
		Release|Any CPU = Release|Any CPU
	EndGlobalSection
	GlobalSection(ProjectConfigurationPlatforms) = postSolution
		{0BE50365-88FD-4E50-8CFF-F1C1C6D01CC2}.Debug|Any CPU.ActiveCfg = Debug|Any CPU
		{0BE50365-88FD-4E50-8CFF-F1C1C6D01CC2}.Debug|Any CPU.Build.0 = Debug|Any CPU
		{0BE50365-88FD-4E50-8CFF-F1C1C6D01CC2}.Release|Any CPU.ActiveCfg = Release|Any CPU
		{0BE50365-88FD-4E50-8CFF-F1C1C6D01CC2}.Release|Any CPU.Build.0 = Release|Any CPU
	EndGlobalSection
	GlobalSection(SolutionProperties) = preSolution
		HideSolutionNode = FALSE
	EndGlobalSection
	GlobalSection(ExtensibilityGlobals) = postSolution
		SolutionGuid = {D3072CBE-D83A-4933-8E6A-A23C569D5809}
	EndGlobalSection
EndGlobal
